// !$*UTF8*$!
{
	archiveVersion = 1;
	classes = {
	};
	objectVersion = 51;
	objects = {

/* Begin PBXBuildFile section */
		99E5D5EF2269A06000F1644C /* AlbumTableViewCell.swift in Sources */ = {isa = PBXBuildFile; fileRef = 99E5D5EE2269A06000F1644C /* AlbumTableViewCell.swift */; };
		C880004E266D53C59706C947 /* Pods_iTunesAffiliate.framework in Frameworks */ = {isa = PBXBuildFile; fileRef = 89EA891CD4DF5D405E029F0D /* Pods_iTunesAffiliate.framework */; };
		F6A4DA5C2268026500CEA270 /* AppDelegate.swift in Sources */ = {isa = PBXBuildFile; fileRef = F6A4DA5B2268026500CEA270 /* AppDelegate.swift */; };
		F6A4DA5E2268026500CEA270 /* ViewController.swift in Sources */ = {isa = PBXBuildFile; fileRef = F6A4DA5D2268026500CEA270 /* ViewController.swift */; };
		F6A4DA612268026500CEA270 /* Main.storyboard in Resources */ = {isa = PBXBuildFile; fileRef = F6A4DA5F2268026500CEA270 /* Main.storyboard */; };
		F6A4DA632268026600CEA270 /* Assets.xcassets in Resources */ = {isa = PBXBuildFile; fileRef = F6A4DA622268026600CEA270 /* Assets.xcassets */; };
		F6A4DA662268026600CEA270 /* LaunchScreen.storyboard in Resources */ = {isa = PBXBuildFile; fileRef = F6A4DA642268026600CEA270 /* LaunchScreen.storyboard */; };
		F6A4DA752268055E00CEA270 /* HTTPStatusCode.swift in Sources */ = {isa = PBXBuildFile; fileRef = F6A4DA742268055E00CEA270 /* HTTPStatusCode.swift */; };
		F6A4DA77226805CE00CEA270 /* API.swift in Sources */ = {isa = PBXBuildFile; fileRef = F6A4DA76226805CE00CEA270 /* API.swift */; };
		F6A4DA79226805FA00CEA270 /* NetworkRequest.swift in Sources */ = {isa = PBXBuildFile; fileRef = F6A4DA78226805FA00CEA270 /* NetworkRequest.swift */; };
		F6A4DA802268076300CEA270 /* Dashboard.storyboard in Resources */ = {isa = PBXBuildFile; fileRef = F6A4DA7F2268076300CEA270 /* Dashboard.storyboard */; };
		F6A4DA822268078100CEA270 /* DashboardViewController.swift in Sources */ = {isa = PBXBuildFile; fileRef = F6A4DA812268078100CEA270 /* DashboardViewController.swift */; };
		F6A4DA84226807A700CEA270 /* DashboardViewModel.swift in Sources */ = {isa = PBXBuildFile; fileRef = F6A4DA83226807A700CEA270 /* DashboardViewModel.swift */; };
		F6A4DA86226807FE00CEA270 /* Storyboards.swift in Sources */ = {isa = PBXBuildFile; fileRef = F6A4DA85226807FE00CEA270 /* Storyboards.swift */; };
		F6A4DA88226808EE00CEA270 /* AppCoordinator.swift in Sources */ = {isa = PBXBuildFile; fileRef = F6A4DA87226808EE00CEA270 /* AppCoordinator.swift */; };
		F6A4DA8A2268097300CEA270 /* UIWindow+PresentedViewController.swift in Sources */ = {isa = PBXBuildFile; fileRef = F6A4DA892268097300CEA270 /* UIWindow+PresentedViewController.swift */; };
		F6A4DA8C226809A000CEA270 /* Coordinator.swift in Sources */ = {isa = PBXBuildFile; fileRef = F6A4DA8B226809A000CEA270 /* Coordinator.swift */; };
		F6A4DA9022680CB100CEA270 /* Images.swift in Sources */ = {isa = PBXBuildFile; fileRef = F6A4DA8F22680CB000CEA270 /* Images.swift */; };
		F6A4DA922268104B00CEA270 /* Album.swift in Sources */ = {isa = PBXBuildFile; fileRef = F6A4DA912268104B00CEA270 /* Album.swift */; };
		F6ED2E4C226939B600DA5BA3 /* JsonDecoderEncoder+Any.swift in Sources */ = {isa = PBXBuildFile; fileRef = F6ED2E4B226939B600DA5BA3 /* JsonDecoderEncoder+Any.swift */; };
/* End PBXBuildFile section */

/* Begin PBXFileReference section */
		13382FC85917971F0E033253 /* Pods-iTunesAffiliate.release.xcconfig */ = {isa = PBXFileReference; includeInIndex = 1; lastKnownFileType = text.xcconfig; name = "Pods-iTunesAffiliate.release.xcconfig"; path = "Target Support Files/Pods-iTunesAffiliate/Pods-iTunesAffiliate.release.xcconfig"; sourceTree = "<group>"; };
		89EA891CD4DF5D405E029F0D /* Pods_iTunesAffiliate.framework */ = {isa = PBXFileReference; explicitFileType = wrapper.framework; includeInIndex = 0; path = Pods_iTunesAffiliate.framework; sourceTree = BUILT_PRODUCTS_DIR; };
		99E5D5EE2269A06000F1644C /* AlbumTableViewCell.swift */ = {isa = PBXFileReference; lastKnownFileType = sourcecode.swift; path = AlbumTableViewCell.swift; sourceTree = "<group>"; };
		CDF723C9A9491840F5CAF9E9 /* Pods-iTunesAffiliate.debug.xcconfig */ = {isa = PBXFileReference; includeInIndex = 1; lastKnownFileType = text.xcconfig; name = "Pods-iTunesAffiliate.debug.xcconfig"; path = "Target Support Files/Pods-iTunesAffiliate/Pods-iTunesAffiliate.debug.xcconfig"; sourceTree = "<group>"; };
		F6A4DA582268026500CEA270 /* iTunesAffiliate.app */ = {isa = PBXFileReference; explicitFileType = wrapper.application; includeInIndex = 0; path = iTunesAffiliate.app; sourceTree = BUILT_PRODUCTS_DIR; };
		F6A4DA5B2268026500CEA270 /* AppDelegate.swift */ = {isa = PBXFileReference; lastKnownFileType = sourcecode.swift; path = AppDelegate.swift; sourceTree = "<group>"; };
		F6A4DA5D2268026500CEA270 /* ViewController.swift */ = {isa = PBXFileReference; lastKnownFileType = sourcecode.swift; path = ViewController.swift; sourceTree = "<group>"; };
		F6A4DA602268026500CEA270 /* Base */ = {isa = PBXFileReference; lastKnownFileType = file.storyboard; name = Base; path = Base.lproj/Main.storyboard; sourceTree = "<group>"; };
		F6A4DA622268026600CEA270 /* Assets.xcassets */ = {isa = PBXFileReference; lastKnownFileType = folder.assetcatalog; path = Assets.xcassets; sourceTree = "<group>"; };
		F6A4DA652268026600CEA270 /* Base */ = {isa = PBXFileReference; lastKnownFileType = file.storyboard; name = Base; path = Base.lproj/LaunchScreen.storyboard; sourceTree = "<group>"; };
		F6A4DA672268026600CEA270 /* Info.plist */ = {isa = PBXFileReference; lastKnownFileType = text.plist.xml; path = Info.plist; sourceTree = "<group>"; };
		F6A4DA742268055E00CEA270 /* HTTPStatusCode.swift */ = {isa = PBXFileReference; lastKnownFileType = sourcecode.swift; path = HTTPStatusCode.swift; sourceTree = "<group>"; };
		F6A4DA76226805CE00CEA270 /* API.swift */ = {isa = PBXFileReference; lastKnownFileType = sourcecode.swift; path = API.swift; sourceTree = "<group>"; };
		F6A4DA78226805FA00CEA270 /* NetworkRequest.swift */ = {isa = PBXFileReference; lastKnownFileType = sourcecode.swift; path = NetworkRequest.swift; sourceTree = "<group>"; };
		F6A4DA7F2268076300CEA270 /* Dashboard.storyboard */ = {isa = PBXFileReference; lastKnownFileType = file.storyboard; path = Dashboard.storyboard; sourceTree = "<group>"; };
		F6A4DA812268078100CEA270 /* DashboardViewController.swift */ = {isa = PBXFileReference; lastKnownFileType = sourcecode.swift; path = DashboardViewController.swift; sourceTree = "<group>"; };
		F6A4DA83226807A700CEA270 /* DashboardViewModel.swift */ = {isa = PBXFileReference; lastKnownFileType = sourcecode.swift; path = DashboardViewModel.swift; sourceTree = "<group>"; };
		F6A4DA85226807FE00CEA270 /* Storyboards.swift */ = {isa = PBXFileReference; fileEncoding = 4; lastKnownFileType = sourcecode.swift; path = Storyboards.swift; sourceTree = "<group>"; };
		F6A4DA87226808EE00CEA270 /* AppCoordinator.swift */ = {isa = PBXFileReference; lastKnownFileType = sourcecode.swift; path = AppCoordinator.swift; sourceTree = "<group>"; };
		F6A4DA892268097300CEA270 /* UIWindow+PresentedViewController.swift */ = {isa = PBXFileReference; lastKnownFileType = sourcecode.swift; path = "UIWindow+PresentedViewController.swift"; sourceTree = "<group>"; };
		F6A4DA8B226809A000CEA270 /* Coordinator.swift */ = {isa = PBXFileReference; lastKnownFileType = sourcecode.swift; path = Coordinator.swift; sourceTree = "<group>"; };
		F6A4DA8F22680CB000CEA270 /* Images.swift */ = {isa = PBXFileReference; fileEncoding = 4; lastKnownFileType = sourcecode.swift; path = Images.swift; sourceTree = "<group>"; };
		F6A4DA912268104B00CEA270 /* Album.swift */ = {isa = PBXFileReference; lastKnownFileType = sourcecode.swift; path = Album.swift; sourceTree = "<group>"; };
		F6ED2E4B226939B600DA5BA3 /* JsonDecoderEncoder+Any.swift */ = {isa = PBXFileReference; lastKnownFileType = sourcecode.swift; path = "JsonDecoderEncoder+Any.swift"; sourceTree = "<group>"; };
/* End PBXFileReference section */

/* Begin PBXFrameworksBuildPhase section */
		F6A4DA552268026500CEA270 /* Frameworks */ = {
			isa = PBXFrameworksBuildPhase;
			buildActionMask = 2147483647;
			files = (
				C880004E266D53C59706C947 /* Pods_iTunesAffiliate.framework in Frameworks */,
			);
			runOnlyForDeploymentPostprocessing = 0;
		};
/* End PBXFrameworksBuildPhase section */

/* Begin PBXGroup section */
		3FBCF2532CA1ED91B70FD2ED /* Pods */ = {
			isa = PBXGroup;
			children = (
				CDF723C9A9491840F5CAF9E9 /* Pods-iTunesAffiliate.debug.xcconfig */,
				13382FC85917971F0E033253 /* Pods-iTunesAffiliate.release.xcconfig */,
			);
			path = Pods;
			sourceTree = "<group>";
		};
		A7E42B0A7EA966DAE5C9FCC8 /* Frameworks */ = {
			isa = PBXGroup;
			children = (
				89EA891CD4DF5D405E029F0D /* Pods_iTunesAffiliate.framework */,
			);
			name = Frameworks;
			sourceTree = "<group>";
		};
		F6A4DA4F2268026500CEA270 = {
			isa = PBXGroup;
			children = (
				F6A4DA5A2268026500CEA270 /* iTunesAffiliate */,
				F6A4DA592268026500CEA270 /* Products */,
				3FBCF2532CA1ED91B70FD2ED /* Pods */,
				A7E42B0A7EA966DAE5C9FCC8 /* Frameworks */,
			);
			sourceTree = "<group>";
		};
		F6A4DA592268026500CEA270 /* Products */ = {
			isa = PBXGroup;
			children = (
				F6A4DA582268026500CEA270 /* iTunesAffiliate.app */,
			);
			name = Products;
			sourceTree = "<group>";
		};
		F6A4DA5A2268026500CEA270 /* iTunesAffiliate */ = {
			isa = PBXGroup;
			children = (
				F6A4DA8E22680C3000CEA270 /* Resources */,
				F6A4DA7A2268067500CEA270 /* Constants */,
				F6A4DA732268050000CEA270 /* Coordinator */,
				F6A4DA71226804CE00CEA270 /* Network */,
				F6A4DA70226804C900CEA270 /* Helpers */,
				F6A4DA6F226804C300CEA270 /* ViewModel */,
				F6A4DA6E226804BE00CEA270 /* Model */,
				F6A4DA6D226804B400CEA270 /* View */,
				F6A4DA5B2268026500CEA270 /* AppDelegate.swift */,
				F6A4DA5D2268026500CEA270 /* ViewController.swift */,
				F6A4DA5F2268026500CEA270 /* Main.storyboard */,
				F6A4DA642268026600CEA270 /* LaunchScreen.storyboard */,
				F6A4DA672268026600CEA270 /* Info.plist */,
			);
			path = iTunesAffiliate;
			sourceTree = "<group>";
		};
		F6A4DA6D226804B400CEA270 /* View */ = {
			isa = PBXGroup;
			children = (
				F6A4DA7E2268074700CEA270 /* Dashboard */,
			);
			path = View;
			sourceTree = "<group>";
		};
		F6A4DA6E226804BE00CEA270 /* Model */ = {
			isa = PBXGroup;
			children = (
				F6A4DA912268104B00CEA270 /* Album.swift */,
			);
			path = Model;
			sourceTree = "<group>";
		};
		F6A4DA6F226804C300CEA270 /* ViewModel */ = {
			isa = PBXGroup;
			children = (
				F6A4DA83226807A700CEA270 /* DashboardViewModel.swift */,
			);
			path = ViewModel;
			sourceTree = "<group>";
		};
		F6A4DA70226804C900CEA270 /* Helpers */ = {
			isa = PBXGroup;
			children = (
				F6A4DA892268097300CEA270 /* UIWindow+PresentedViewController.swift */,
				F6ED2E4B226939B600DA5BA3 /* JsonDecoderEncoder+Any.swift */,
			);
			path = Helpers;
			sourceTree = "<group>";
		};
		F6A4DA71226804CE00CEA270 /* Network */ = {
			isa = PBXGroup;
			children = (
				F6A4DA742268055E00CEA270 /* HTTPStatusCode.swift */,
				F6A4DA76226805CE00CEA270 /* API.swift */,
				F6A4DA78226805FA00CEA270 /* NetworkRequest.swift */,
			);
			path = Network;
			sourceTree = "<group>";
		};
		F6A4DA732268050000CEA270 /* Coordinator */ = {
			isa = PBXGroup;
			children = (
				F6A4DA87226808EE00CEA270 /* AppCoordinator.swift */,
				F6A4DA8B226809A000CEA270 /* Coordinator.swift */,
			);
			path = Coordinator;
			sourceTree = "<group>";
		};
		F6A4DA7A2268067500CEA270 /* Constants */ = {
			isa = PBXGroup;
			children = (
				F6A4DA8F22680CB000CEA270 /* Images.swift */,
				F6A4DA85226807FE00CEA270 /* Storyboards.swift */,
			);
			path = Constants;
			sourceTree = "<group>";
		};
		F6A4DA7E2268074700CEA270 /* Dashboard */ = {
			isa = PBXGroup;
			children = (
				F6A4DA812268078100CEA270 /* DashboardViewController.swift */,
				99E5D5EE2269A06000F1644C /* AlbumTableViewCell.swift */,
				F6A4DA7F2268076300CEA270 /* Dashboard.storyboard */,
			);
			path = Dashboard;
			sourceTree = "<group>";
		};
		F6A4DA8E22680C3000CEA270 /* Resources */ = {
			isa = PBXGroup;
			children = (
				F6A4DA622268026600CEA270 /* Assets.xcassets */,
			);
			path = Resources;
			sourceTree = "<group>";
		};
/* End PBXGroup section */

/* Begin PBXNativeTarget section */
		F6A4DA572268026500CEA270 /* iTunesAffiliate */ = {
			isa = PBXNativeTarget;
			buildConfigurationList = F6A4DA6A2268026600CEA270 /* Build configuration list for PBXNativeTarget "iTunesAffiliate" */;
			buildPhases = (
				40CCC0291C6A42085118E86B /* [CP] Check Pods Manifest.lock */,
				F6A4DA542268026500CEA270 /* Sources */,
				F6A4DA552268026500CEA270 /* Frameworks */,
				F6A4DA562268026500CEA270 /* Resources */,
				786C39A0D92157B448C8B931 /* [CP] Embed Pods Frameworks */,
				F6A4DA7B2268068E00CEA270 /* SwiftGen */,
				F6A4DA8D22680BEC00CEA270 /* SwiftLint */,
			);
			buildRules = (
			);
			dependencies = (
			);
			name = iTunesAffiliate;
			productName = iTunesAffiliate;
			productReference = F6A4DA582268026500CEA270 /* iTunesAffiliate.app */;
			productType = "com.apple.product-type.application";
		};
/* End PBXNativeTarget section */

/* Begin PBXProject section */
		F6A4DA502268026500CEA270 /* Project object */ = {
			isa = PBXProject;
			attributes = {
				LastSwiftUpdateCheck = 1020;
				LastUpgradeCheck = 1020;
				ORGANIZATIONNAME = "Gaurav Parvadiya";
				TargetAttributes = {
					F6A4DA572268026500CEA270 = {
						CreatedOnToolsVersion = 10.2;
					};
				};
			};
			buildConfigurationList = F6A4DA532268026500CEA270 /* Build configuration list for PBXProject "iTunesAffiliate" */;
			compatibilityVersion = "Xcode 9.3";
			developmentRegion = en;
			hasScannedForEncodings = 0;
			knownRegions = (
				en,
				Base,
			);
			mainGroup = F6A4DA4F2268026500CEA270;
			productRefGroup = F6A4DA592268026500CEA270 /* Products */;
			projectDirPath = "";
			projectRoot = "";
			targets = (
				F6A4DA572268026500CEA270 /* iTunesAffiliate */,
			);
		};
/* End PBXProject section */

/* Begin PBXResourcesBuildPhase section */
		F6A4DA562268026500CEA270 /* Resources */ = {
			isa = PBXResourcesBuildPhase;
			buildActionMask = 2147483647;
			files = (
				F6A4DA662268026600CEA270 /* LaunchScreen.storyboard in Resources */,
				F6A4DA632268026600CEA270 /* Assets.xcassets in Resources */,
				F6A4DA612268026500CEA270 /* Main.storyboard in Resources */,
				F6A4DA802268076300CEA270 /* Dashboard.storyboard in Resources */,
			);
			runOnlyForDeploymentPostprocessing = 0;
		};
/* End PBXResourcesBuildPhase section */

/* Begin PBXShellScriptBuildPhase section */
		40CCC0291C6A42085118E86B /* [CP] Check Pods Manifest.lock */ = {
			isa = PBXShellScriptBuildPhase;
			buildActionMask = 2147483647;
			files = (
			);
			inputFileListPaths = (
			);
			inputPaths = (
				"${PODS_PODFILE_DIR_PATH}/Podfile.lock",
				"${PODS_ROOT}/Manifest.lock",
			);
			name = "[CP] Check Pods Manifest.lock";
			outputFileListPaths = (
			);
			outputPaths = (
				"$(DERIVED_FILE_DIR)/Pods-iTunesAffiliate-checkManifestLockResult.txt",
			);
			runOnlyForDeploymentPostprocessing = 0;
			shellPath = /bin/sh;
			shellScript = "diff \"${PODS_PODFILE_DIR_PATH}/Podfile.lock\" \"${PODS_ROOT}/Manifest.lock\" > /dev/null\nif [ $? != 0 ] ; then\n    # print error to STDERR\n    echo \"error: The sandbox is not in sync with the Podfile.lock. Run 'pod install' or update your CocoaPods installation.\" >&2\n    exit 1\nfi\n# This output is used by Xcode 'outputs' to avoid re-running this script phase.\necho \"SUCCESS\" > \"${SCRIPT_OUTPUT_FILE_0}\"\n";
			showEnvVarsInLog = 0;
		};
		786C39A0D92157B448C8B931 /* [CP] Embed Pods Frameworks */ = {
			isa = PBXShellScriptBuildPhase;
			buildActionMask = 2147483647;
			files = (
			);
			inputFileListPaths = (
				"${PODS_ROOT}/Target Support Files/Pods-iTunesAffiliate/Pods-iTunesAffiliate-frameworks-${CONFIGURATION}-input-files.xcfilelist",
			);
			name = "[CP] Embed Pods Frameworks";
			outputFileListPaths = (
				"${PODS_ROOT}/Target Support Files/Pods-iTunesAffiliate/Pods-iTunesAffiliate-frameworks-${CONFIGURATION}-output-files.xcfilelist",
			);
			runOnlyForDeploymentPostprocessing = 0;
			shellPath = /bin/sh;
			shellScript = "\"${PODS_ROOT}/Target Support Files/Pods-iTunesAffiliate/Pods-iTunesAffiliate-frameworks.sh\"\n";
			showEnvVarsInLog = 0;
		};
		F6A4DA7B2268068E00CEA270 /* SwiftGen */ = {
			isa = PBXShellScriptBuildPhase;
			buildActionMask = 2147483647;
			files = (
			);
			inputFileListPaths = (
			);
			inputPaths = (
			);
			name = SwiftGen;
			outputFileListPaths = (
			);
			outputPaths = (
			);
			runOnlyForDeploymentPostprocessing = 0;
			shellPath = /bin/sh;
			shellScript = "# Type a script or drag a script file from your workspace to insert its path.\n\nif which swiftgen >/dev/null; then\nswiftgen colors -t literals-swift4 \"$PROJECT_DIR/iTunesAffiliate/Constants/colors.json\" --output \"$PROJECT_DIR/iTunesAffiliate/Constants/Colors.swift\"\nswiftgen strings -t structured-swift4 \"$PROJECT_DIR/iTunesAffiliate/Base.lproj/Localizable.strings\" --output \"$PROJECT_DIR/iTunesAffiliate/Constants/Strings.swift\"\nswiftgen xcassets -t swift4 \"$PROJECT_DIR/iTunesAffiliate/Resources/Assets.xcassets\" --output \"$PROJECT_DIR/iTunesAffiliate/Constants/Images.swift\"\nswiftgen storyboards -t swift4 \"$PROJECT_DIR/iTunesAffiliate/\" --output \"$PROJECT_DIR/iTunesAffiliate/Constants/Storyboards.swift\" --param ignoreTargetModule --param module=iTunesAffiliate\nelse\necho \"warning: SwiftGen not installed, download it from https://github.com/AliSoftware/SwiftGen\"\nfi\n";
		};
		F6A4DA8D22680BEC00CEA270 /* SwiftLint */ = {
			isa = PBXShellScriptBuildPhase;
			buildActionMask = 2147483647;
			files = (
			);
			inputFileListPaths = (
			);
			inputPaths = (
			);
			name = SwiftLint;
			outputFileListPaths = (
			);
			outputPaths = (
			);
			runOnlyForDeploymentPostprocessing = 0;
			shellPath = /bin/sh;
			shellScript = "# Type a script or drag a script file from your workspace to insert its path.\nif which swiftlint >/dev/null; then\n    swiftlint\nelse\n    echo \"warning: SwiftLint not installed, download from https://github.com/realm/SwiftLint\"\nfi\n";
		};
/* End PBXShellScriptBuildPhase section */

/* Begin PBXSourcesBuildPhase section */
		F6A4DA542268026500CEA270 /* Sources */ = {
			isa = PBXSourcesBuildPhase;
			buildActionMask = 2147483647;
			files = (
				F6A4DA86226807FE00CEA270 /* Storyboards.swift in Sources */,
				F6A4DA9022680CB100CEA270 /* Images.swift in Sources */,
				F6A4DA752268055E00CEA270 /* HTTPStatusCode.swift in Sources */,
				F6A4DA822268078100CEA270 /* DashboardViewController.swift in Sources */,
				F6A4DA5E2268026500CEA270 /* ViewController.swift in Sources */,
				99E5D5EF2269A06000F1644C /* AlbumTableViewCell.swift in Sources */,
				F6A4DA922268104B00CEA270 /* Album.swift in Sources */,
				F6ED2E4C226939B600DA5BA3 /* JsonDecoderEncoder+Any.swift in Sources */,
				F6A4DA77226805CE00CEA270 /* API.swift in Sources */,
				F6A4DA5C2268026500CEA270 /* AppDelegate.swift in Sources */,
				F6A4DA8C226809A000CEA270 /* Coordinator.swift in Sources */,
				F6A4DA88226808EE00CEA270 /* AppCoordinator.swift in Sources */,
				F6A4DA79226805FA00CEA270 /* NetworkRequest.swift in Sources */,
				F6A4DA84226807A700CEA270 /* DashboardViewModel.swift in Sources */,
				F6A4DA8A2268097300CEA270 /* UIWindow+PresentedViewController.swift in Sources */,
			);
			runOnlyForDeploymentPostprocessing = 0;
		};
/* End PBXSourcesBuildPhase section */

/* Begin PBXVariantGroup section */
		F6A4DA5F2268026500CEA270 /* Main.storyboard */ = {
			isa = PBXVariantGroup;
			children = (
				F6A4DA602268026500CEA270 /* Base */,
			);
			name = Main.storyboard;
			sourceTree = "<group>";
		};
		F6A4DA642268026600CEA270 /* LaunchScreen.storyboard */ = {
			isa = PBXVariantGroup;
			children = (
				F6A4DA652268026600CEA270 /* Base */,
			);
			name = LaunchScreen.storyboard;
			sourceTree = "<group>";
		};
/* End PBXVariantGroup section */

/* Begin XCBuildConfiguration section */
		F6A4DA682268026600CEA270 /* Debug */ = {
			isa = XCBuildConfiguration;
			buildSettings = {
				ALWAYS_SEARCH_USER_PATHS = NO;
				CLANG_ANALYZER_NONNULL = YES;
				CLANG_ANALYZER_NUMBER_OBJECT_CONVERSION = YES_AGGRESSIVE;
				CLANG_CXX_LANGUAGE_STANDARD = "gnu++14";
				CLANG_CXX_LIBRARY = "libc++";
				CLANG_ENABLE_MODULES = YES;
				CLANG_ENABLE_OBJC_ARC = YES;
				CLANG_ENABLE_OBJC_WEAK = YES;
				CLANG_WARN_BLOCK_CAPTURE_AUTORELEASING = YES;
				CLANG_WARN_BOOL_CONVERSION = YES;
				CLANG_WARN_COMMA = YES;
				CLANG_WARN_CONSTANT_CONVERSION = YES;
				CLANG_WARN_DEPRECATED_OBJC_IMPLEMENTATIONS = YES;
				CLANG_WARN_DIRECT_OBJC_ISA_USAGE = YES_ERROR;
				CLANG_WARN_DOCUMENTATION_COMMENTS = YES;
				CLANG_WARN_EMPTY_BODY = YES;
				CLANG_WARN_ENUM_CONVERSION = YES;
				CLANG_WARN_INFINITE_RECURSION = YES;
				CLANG_WARN_INT_CONVERSION = YES;
				CLANG_WARN_NON_LITERAL_NULL_CONVERSION = YES;
				CLANG_WARN_OBJC_IMPLICIT_RETAIN_SELF = YES;
				CLANG_WARN_OBJC_LITERAL_CONVERSION = YES;
				CLANG_WARN_OBJC_ROOT_CLASS = YES_ERROR;
				CLANG_WARN_RANGE_LOOP_ANALYSIS = YES;
				CLANG_WARN_STRICT_PROTOTYPES = YES;
				CLANG_WARN_SUSPICIOUS_MOVE = YES;
				CLANG_WARN_UNGUARDED_AVAILABILITY = YES_AGGRESSIVE;
				CLANG_WARN_UNREACHABLE_CODE = YES;
				CLANG_WARN__DUPLICATE_METHOD_MATCH = YES;
				CODE_SIGN_IDENTITY = "iPhone Developer";
				COPY_PHASE_STRIP = NO;
				DEBUG_INFORMATION_FORMAT = dwarf;
				ENABLE_STRICT_OBJC_MSGSEND = YES;
				ENABLE_TESTABILITY = YES;
				GCC_C_LANGUAGE_STANDARD = gnu11;
				GCC_DYNAMIC_NO_PIC = NO;
				GCC_NO_COMMON_BLOCKS = YES;
				GCC_OPTIMIZATION_LEVEL = 0;
				GCC_PREPROCESSOR_DEFINITIONS = (
					"DEBUG=1",
					"$(inherited)",
				);
				GCC_WARN_64_TO_32_BIT_CONVERSION = YES;
				GCC_WARN_ABOUT_RETURN_TYPE = YES_ERROR;
				GCC_WARN_UNDECLARED_SELECTOR = YES;
				GCC_WARN_UNINITIALIZED_AUTOS = YES_AGGRESSIVE;
				GCC_WARN_UNUSED_FUNCTION = YES;
				GCC_WARN_UNUSED_VARIABLE = YES;
				IPHONEOS_DEPLOYMENT_TARGET = 12.2;
				MTL_ENABLE_DEBUG_INFO = INCLUDE_SOURCE;
				MTL_FAST_MATH = YES;
				ONLY_ACTIVE_ARCH = YES;
				SDKROOT = iphoneos;
				SWIFT_ACTIVE_COMPILATION_CONDITIONS = DEBUG;
				SWIFT_OPTIMIZATION_LEVEL = "-Onone";
			};
			name = Debug;
		};
		F6A4DA692268026600CEA270 /* Release */ = {
			isa = XCBuildConfiguration;
			buildSettings = {
				ALWAYS_SEARCH_USER_PATHS = NO;
				CLANG_ANALYZER_NONNULL = YES;
				CLANG_ANALYZER_NUMBER_OBJECT_CONVERSION = YES_AGGRESSIVE;
				CLANG_CXX_LANGUAGE_STANDARD = "gnu++14";
				CLANG_CXX_LIBRARY = "libc++";
				CLANG_ENABLE_MODULES = YES;
				CLANG_ENABLE_OBJC_ARC = YES;
				CLANG_ENABLE_OBJC_WEAK = YES;
				CLANG_WARN_BLOCK_CAPTURE_AUTORELEASING = YES;
				CLANG_WARN_BOOL_CONVERSION = YES;
				CLANG_WARN_COMMA = YES;
				CLANG_WARN_CONSTANT_CONVERSION = YES;
				CLANG_WARN_DEPRECATED_OBJC_IMPLEMENTATIONS = YES;
				CLANG_WARN_DIRECT_OBJC_ISA_USAGE = YES_ERROR;
				CLANG_WARN_DOCUMENTATION_COMMENTS = YES;
				CLANG_WARN_EMPTY_BODY = YES;
				CLANG_WARN_ENUM_CONVERSION = YES;
				CLANG_WARN_INFINITE_RECURSION = YES;
				CLANG_WARN_INT_CONVERSION = YES;
				CLANG_WARN_NON_LITERAL_NULL_CONVERSION = YES;
				CLANG_WARN_OBJC_IMPLICIT_RETAIN_SELF = YES;
				CLANG_WARN_OBJC_LITERAL_CONVERSION = YES;
				CLANG_WARN_OBJC_ROOT_CLASS = YES_ERROR;
				CLANG_WARN_RANGE_LOOP_ANALYSIS = YES;
				CLANG_WARN_STRICT_PROTOTYPES = YES;
				CLANG_WARN_SUSPICIOUS_MOVE = YES;
				CLANG_WARN_UNGUARDED_AVAILABILITY = YES_AGGRESSIVE;
				CLANG_WARN_UNREACHABLE_CODE = YES;
				CLANG_WARN__DUPLICATE_METHOD_MATCH = YES;
				CODE_SIGN_IDENTITY = "iPhone Developer";
				COPY_PHASE_STRIP = NO;
				DEBUG_INFORMATION_FORMAT = "dwarf-with-dsym";
				ENABLE_NS_ASSERTIONS = NO;
				ENABLE_STRICT_OBJC_MSGSEND = YES;
				GCC_C_LANGUAGE_STANDARD = gnu11;
				GCC_NO_COMMON_BLOCKS = YES;
				GCC_WARN_64_TO_32_BIT_CONVERSION = YES;
				GCC_WARN_ABOUT_RETURN_TYPE = YES_ERROR;
				GCC_WARN_UNDECLARED_SELECTOR = YES;
				GCC_WARN_UNINITIALIZED_AUTOS = YES_AGGRESSIVE;
				GCC_WARN_UNUSED_FUNCTION = YES;
				GCC_WARN_UNUSED_VARIABLE = YES;
				IPHONEOS_DEPLOYMENT_TARGET = 12.2;
				MTL_ENABLE_DEBUG_INFO = NO;
				MTL_FAST_MATH = YES;
				SDKROOT = iphoneos;
				SWIFT_COMPILATION_MODE = wholemodule;
				SWIFT_OPTIMIZATION_LEVEL = "-O";
				VALIDATE_PRODUCT = YES;
			};
			name = Release;
		};
		F6A4DA6B2268026600CEA270 /* Debug */ = {
			isa = XCBuildConfiguration;
			baseConfigurationReference = CDF723C9A9491840F5CAF9E9 /* Pods-iTunesAffiliate.debug.xcconfig */;
			buildSettings = {
				ASSETCATALOG_COMPILER_APPICON_NAME = AppIcon;
				CODE_SIGN_STYLE = Automatic;
				INFOPLIST_FILE = iTunesAffiliate/Info.plist;
				LD_RUNPATH_SEARCH_PATHS = (
					"$(inherited)",
					"@executable_path/Frameworks",
				);
				PRODUCT_BUNDLE_IDENTIFIER = com.gp.iTunesAffiliate;
				PRODUCT_NAME = "$(TARGET_NAME)";
				SWIFT_VERSION = 5.0;
				TARGETED_DEVICE_FAMILY = "1,2";
			};
			name = Debug;
		};
		F6A4DA6C2268026600CEA270 /* Release */ = {
			isa = XCBuildConfiguration;
			baseConfigurationReference = 13382FC85917971F0E033253 /* Pods-iTunesAffiliate.release.xcconfig */;
			buildSettings = {
				ASSETCATALOG_COMPILER_APPICON_NAME = AppIcon;
				CODE_SIGN_STYLE = Automatic;
				INFOPLIST_FILE = iTunesAffiliate/Info.plist;
				LD_RUNPATH_SEARCH_PATHS = (
					"$(inherited)",
					"@executable_path/Frameworks",
				);
				PRODUCT_BUNDLE_IDENTIFIER = com.gp.iTunesAffiliate;
				PRODUCT_NAME = "$(TARGET_NAME)";
				SWIFT_VERSION = 5.0;
				TARGETED_DEVICE_FAMILY = "1,2";
			};
			name = Release;
		};
/* End XCBuildConfiguration section */

/* Begin XCConfigurationList section */
		F6A4DA532268026500CEA270 /* Build configuration list for PBXProject "iTunesAffiliate" */ = {
			isa = XCConfigurationList;
			buildConfigurations = (
				F6A4DA682268026600CEA270 /* Debug */,
				F6A4DA692268026600CEA270 /* Release */,
			);
			defaultConfigurationIsVisible = 0;
			defaultConfigurationName = Release;
		};
		F6A4DA6A2268026600CEA270 /* Build configuration list for PBXNativeTarget "iTunesAffiliate" */ = {
			isa = XCConfigurationList;
			buildConfigurations = (
				F6A4DA6B2268026600CEA270 /* Debug */,
				F6A4DA6C2268026600CEA270 /* Release */,
			);
			defaultConfigurationIsVisible = 0;
			defaultConfigurationName = Release;
		};
/* End XCConfigurationList section */
	};
	rootObject = F6A4DA502268026500CEA270 /* Project object */;
}
